
Microsoft Visual Studio Solution File, Format Version 12.00
# Visual Studio Version 17
VisualStudioVersion = 17.8.34330.188
MinimumVisualStudioVersion = 10.0.40219.1
Project("{FAE04EC0-301F-11D3-BF4B-00C04F79EFBC}") = "OrderForm", "OrderForm\OrderForm.csproj", "{CF9B191E-353A-459F-AA68-A85549F80A64}"
EndProject
Project("{FAE04EC0-301F-11D3-BF4B-00C04F79EFBC}") = "DataAccess", "DataAccess\DataAccess.csproj", "{CC9BC5D6-25E9-4D94-A08A-87D56D34925E}"
EndProject
Global
	GlobalSection(SolutionConfigurationPlatforms) = preSolution
		Debug|Any CPU = Debug|Any CPU
		Release|Any CPU = Release|Any CPU
	EndGlobalSection
	GlobalSection(ProjectConfigurationPlatforms) = postSolution
		{CF9B191E-353A-459F-AA68-A85549F80A64}.Debug|Any CPU.ActiveCfg = Debug|Any CPU
		{CF9B191E-353A-459F-AA68-A85549F80A64}.Debug|Any CPU.Build.0 = Debug|Any CPU
		{CF9B191E-353A-459F-AA68-A85549F80A64}.Release|Any CPU.ActiveCfg = Release|Any CPU
		{CF9B191E-353A-459F-AA68-A85549F80A64}.Release|Any CPU.Build.0 = Release|Any CPU
		{CC9BC5D6-25E9-4D94-A08A-87D56D34925E}.Debug|Any CPU.ActiveCfg = Debug|Any CPU
		{CC9BC5D6-25E9-4D94-A08A-87D56D34925E}.Debug|Any CPU.Build.0 = Debug|Any CPU
		{CC9BC5D6-25E9-4D94-A08A-87D56D34925E}.Release|Any CPU.ActiveCfg = Release|Any CPU
		{CC9BC5D6-25E9-4D94-A08A-87D56D34925E}.Release|Any CPU.Build.0 = Release|Any CPU
	EndGlobalSection
	GlobalSection(SolutionProperties) = preSolution
		HideSolutionNode = FALSE
	EndGlobalSection
	GlobalSection(ExtensibilityGlobals) = postSolution
		SolutionGuid = {73C8D04A-9C7D-4D32-B808-2C78FE487874}
	EndGlobalSection
EndGlobal
